
Microsoft Visual Studio Solution File, Format Version 12.00
# Visual Studio Version 17
VisualStudioVersion = 17.11.35312.102
MinimumVisualStudioVersion = 10.0.40219.1
Project("{9A19103F-16F7-4668-BE54-9A1E7A4F7556}") = "ShuntingStart", "ShuntingStart\ShuntingStart.csproj", "{26181261-537C-4365-89F9-AB14DA4A8B23}"
EndProject
Project("{2150E333-8FDC-42A3-9474-1A3956D46DE8}") = "Solution Files", "Solution Files", "{C5E680FF-B40C-4DA2-B190-803FD641D5ED}"
	ProjectSection(SolutionItems) = preProject
		info.json = info.json
		package.ps1 = package.ps1
	EndProjectSection
EndProject
Project("{2150E333-8FDC-42A3-9474-1A3956D46DE8}") = "Solution Items", "Solution Items", "{CD090B72-81EC-4ACA-A9A6-E26AFAFF810E}"
EndProject
Global
	GlobalSection(SolutionConfigurationPlatforms) = preSolution
		Debug|Any CPU = Debug|Any CPU
		Release|Any CPU = Release|Any CPU
	EndGlobalSection
	GlobalSection(ProjectConfigurationPlatforms) = postSolution
		{26181261-537C-4365-89F9-AB14DA4A8B23}.Debug|Any CPU.ActiveCfg = Debug|Any CPU
		{26181261-537C-4365-89F9-AB14DA4A8B23}.Debug|Any CPU.Build.0 = Debug|Any CPU
		{26181261-537C-4365-89F9-AB14DA4A8B23}.Release|Any CPU.ActiveCfg = Release|Any CPU
		{26181261-537C-4365-89F9-AB14DA4A8B23}.Release|Any CPU.Build.0 = Release|Any CPU
	EndGlobalSection
	GlobalSection(SolutionProperties) = preSolution
		HideSolutionNode = FALSE
	EndGlobalSection
	GlobalSection(ExtensibilityGlobals) = postSolution
		SolutionGuid = {6DAF6BAC-BCB2-4257-B71F-4442CA4BED0D}
	EndGlobalSection
EndGlobal
